Microsoft Visual Studio Solution File, Format Version 12.00
# Visual Studio Version 17
VisualStudioVersion = 17.5.2.0
MinimumVisualStudioVersion = 10.0.40219.1
Project("{FAE04EC0-301F-11D3-BF4B-00C04F79EFBC}") = "SteamEcho.App", "SteamEcho.App\SteamEcho.App.csproj", "{B22160DB-3A4F-7B93-E9D7-8F385A659752}"
EndProject
Project("{FAE04EC0-301F-11D3-BF4B-00C04F79EFBC}") = "SteamEcho.Core", "SteamEcho.Core\SteamEcho.Core.csproj", "{AFBECACA-646B-8E5C-EC1E-033D04BA20B3}"
EndProject
Global
	GlobalSection(SolutionConfigurationPlatforms) = preSolution
		Debug|Any CPU = Debug|Any CPU
		Release|Any CPU = Release|Any CPU
	EndGlobalSection
	GlobalSection(ProjectConfigurationPlatforms) = postSolution
		{B22160DB-3A4F-7B93-E9D7-8F385A659752}.Debug|Any CPU.ActiveCfg = Debug|Any CPU
		{B22160DB-3A4F-7B93-E9D7-8F385A659752}.Debug|Any CPU.Build.0 = Debug|Any CPU
		{B22160DB-3A4F-7B93-E9D7-8F385A659752}.Release|Any CPU.ActiveCfg = Release|Any CPU
		{B22160DB-3A4F-7B93-E9D7-8F385A659752}.Release|Any CPU.Build.0 = Release|Any CPU
		{AFBECACA-646B-8E5C-EC1E-033D04BA20B3}.Debug|Any CPU.ActiveCfg = Debug|Any CPU
		{AFBECACA-646B-8E5C-EC1E-033D04BA20B3}.Debug|Any CPU.Build.0 = Debug|Any CPU
		{AFBECACA-646B-8E5C-EC1E-033D04BA20B3}.Release|Any CPU.ActiveCfg = Release|Any CPU
		{AFBECACA-646B-8E5C-EC1E-033D04BA20B3}.Release|Any CPU.Build.0 = Release|Any CPU
	EndGlobalSection
	GlobalSection(SolutionProperties) = preSolution
		HideSolutionNode = FALSE
	EndGlobalSection
	GlobalSection(ExtensibilityGlobals) = postSolution
		SolutionGuid = {43CA5A71-1BE2-48CB-B64F-BCA15D936055}
	EndGlobalSection
EndGlobal
