
Microsoft Visual Studio Solution File, Format Version 12.00
# Visual Studio Version 17
VisualStudioVersion = 17.0.31903.59
MinimumVisualStudioVersion = 10.0.40219.1
Project("{FAE04EC0-301F-11D3-BF4B-00C04F79EFBC}") = "SteamEcho.App", "SteamEcho.App\SteamEcho.App.csproj", "{2F16F258-B1B6-4543-AD00-7BED150EA97E}"
EndProject
Project("{FAE04EC0-301F-11D3-BF4B-00C04F79EFBC}") = "SteamEcho.Core", "SteamEcho.Core\SteamEcho.Core.csproj", "{22089ED4-7DF8-421A-A5C3-A32236D5FCA5}"
EndProject
Global
	GlobalSection(SolutionConfigurationPlatforms) = preSolution
		Debug|Any CPU = Debug|Any CPU
		Debug|x64 = Debug|x64
		Debug|x86 = Debug|x86
		Release|Any CPU = Release|Any CPU
		Release|x64 = Release|x64
		Release|x86 = Release|x86
	EndGlobalSection
	GlobalSection(ProjectConfigurationPlatforms) = postSolution
		{2F16F258-B1B6-4543-AD00-7BED150EA97E}.Debug|Any CPU.ActiveCfg = Debug|Any CPU
		{2F16F258-B1B6-4543-AD00-7BED150EA97E}.Debug|Any CPU.Build.0 = Debug|Any CPU
		{2F16F258-B1B6-4543-AD00-7BED150EA97E}.Debug|x64.ActiveCfg = Debug|Any CPU
		{2F16F258-B1B6-4543-AD00-7BED150EA97E}.Debug|x64.Build.0 = Debug|Any CPU
		{2F16F258-B1B6-4543-AD00-7BED150EA97E}.Debug|x86.ActiveCfg = Debug|Any CPU
		{2F16F258-B1B6-4543-AD00-7BED150EA97E}.Debug|x86.Build.0 = Debug|Any CPU
		{2F16F258-B1B6-4543-AD00-7BED150EA97E}.Release|Any CPU.ActiveCfg = Release|Any CPU
		{2F16F258-B1B6-4543-AD00-7BED150EA97E}.Release|Any CPU.Build.0 = Release|Any CPU
		{2F16F258-B1B6-4543-AD00-7BED150EA97E}.Release|x64.ActiveCfg = Release|Any CPU
		{2F16F258-B1B6-4543-AD00-7BED150EA97E}.Release|x64.Build.0 = Release|Any CPU
		{2F16F258-B1B6-4543-AD00-7BED150EA97E}.Release|x86.ActiveCfg = Release|Any CPU
		{2F16F258-B1B6-4543-AD00-7BED150EA97E}.Release|x86.Build.0 = Release|Any CPU
		{22089ED4-7DF8-421A-A5C3-A32236D5FCA5}.Debug|Any CPU.ActiveCfg = Debug|Any CPU
		{22089ED4-7DF8-421A-A5C3-A32236D5FCA5}.Debug|Any CPU.Build.0 = Debug|Any CPU
		{22089ED4-7DF8-421A-A5C3-A32236D5FCA5}.Debug|x64.ActiveCfg = Debug|Any CPU
		{22089ED4-7DF8-421A-A5C3-A32236D5FCA5}.Debug|x64.Build.0 = Debug|Any CPU
		{22089ED4-7DF8-421A-A5C3-A32236D5FCA5}.Debug|x86.ActiveCfg = Debug|Any CPU
		{22089ED4-7DF8-421A-A5C3-A32236D5FCA5}.Debug|x86.Build.0 = Debug|Any CPU
		{22089ED4-7DF8-421A-A5C3-A32236D5FCA5}.Release|Any CPU.ActiveCfg = Release|Any CPU
		{22089ED4-7DF8-421A-A5C3-A32236D5FCA5}.Release|Any CPU.Build.0 = Release|Any CPU
		{22089ED4-7DF8-421A-A5C3-A32236D5FCA5}.Release|x64.ActiveCfg = Release|Any CPU
		{22089ED4-7DF8-421A-A5C3-A32236D5FCA5}.Release|x64.Build.0 = Release|Any CPU
		{22089ED4-7DF8-421A-A5C3-A32236D5FCA5}.Release|x86.ActiveCfg = Release|Any CPU
		{22089ED4-7DF8-421A-A5C3-A32236D5FCA5}.Release|x86.Build.0 = Release|Any CPU
	EndGlobalSection
	GlobalSection(SolutionProperties) = preSolution
		HideSolutionNode = FALSE
	EndGlobalSection
EndGlobal
